
Microsoft Visual Studio Solution File, Format Version 12.00
# Visual Studio Version 17
VisualStudioVersion = 17.2.32630.192
MinimumVisualStudioVersion = 10.0.40219.1
Project("{9A19103F-16F7-4668-BE54-9A1E7A4F7556}") = "DataAccess", "DataAccess\DataAccess.csproj", "{1BE1B28E-2BC2-48C5-9C90-A0658A99F6BF}"
EndProject
Project("{9A19103F-16F7-4668-BE54-9A1E7A4F7556}") = "Business", "Business\Business.csproj", "{65DC6D57-D306-48D4-B342-37937BC1E127}"
EndProject
Project("{9A19103F-16F7-4668-BE54-9A1E7A4F7556}") = "Entities", "Entities\Entities.csproj", "{E2030F56-F6D8-4716-A671-7DA7CCC44BB8}"
EndProject
Project("{9A19103F-16F7-4668-BE54-9A1E7A4F7556}") = "ConsoleUI", "ConsoleUI\ConsoleUI.csproj", "{3E65D85C-A2D9-4018-A7A4-F9779B9DBDE9}"
EndProject
Project("{9A19103F-16F7-4668-BE54-9A1E7A4F7556}") = "Core", "Core\Core.csproj", "{A0A9E9C5-DFEE-4567-BA3E-6F7BBD7EFD1E}"
EndProject
Project("{FAE04EC0-301F-11D3-BF4B-00C04F79EFBC}") = "WebAPI", "WebAPI\WebAPI.csproj", "{A3860A1A-6CBF-4B3C-B63E-325E53B9E37C}"
EndProject
Global
	GlobalSection(SolutionConfigurationPlatforms) = preSolution
		Debug|Any CPU = Debug|Any CPU
		Release|Any CPU = Release|Any CPU
	EndGlobalSection
	GlobalSection(ProjectConfigurationPlatforms) = postSolution
		{1BE1B28E-2BC2-48C5-9C90-A0658A99F6BF}.Debug|Any CPU.ActiveCfg = Debug|Any CPU
		{1BE1B28E-2BC2-48C5-9C90-A0658A99F6BF}.Debug|Any CPU.Build.0 = Debug|Any CPU
		{1BE1B28E-2BC2-48C5-9C90-A0658A99F6BF}.Release|Any CPU.ActiveCfg = Release|Any CPU
		{1BE1B28E-2BC2-48C5-9C90-A0658A99F6BF}.Release|Any CPU.Build.0 = Release|Any CPU
		{65DC6D57-D306-48D4-B342-37937BC1E127}.Debug|Any CPU.ActiveCfg = Debug|Any CPU
		{65DC6D57-D306-48D4-B342-37937BC1E127}.Debug|Any CPU.Build.0 = Debug|Any CPU
		{65DC6D57-D306-48D4-B342-37937BC1E127}.Release|Any CPU.ActiveCfg = Release|Any CPU
		{65DC6D57-D306-48D4-B342-37937BC1E127}.Release|Any CPU.Build.0 = Release|Any CPU
		{E2030F56-F6D8-4716-A671-7DA7CCC44BB8}.Debug|Any CPU.ActiveCfg = Debug|Any CPU
		{E2030F56-F6D8-4716-A671-7DA7CCC44BB8}.Debug|Any CPU.Build.0 = Debug|Any CPU
		{E2030F56-F6D8-4716-A671-7DA7CCC44BB8}.Release|Any CPU.ActiveCfg = Release|Any CPU
		{E2030F56-F6D8-4716-A671-7DA7CCC44BB8}.Release|Any CPU.Build.0 = Release|Any CPU
		{3E65D85C-A2D9-4018-A7A4-F9779B9DBDE9}.Debug|Any CPU.ActiveCfg = Debug|Any CPU
		{3E65D85C-A2D9-4018-A7A4-F9779B9DBDE9}.Debug|Any CPU.Build.0 = Debug|Any CPU
		{3E65D85C-A2D9-4018-A7A4-F9779B9DBDE9}.Release|Any CPU.ActiveCfg = Release|Any CPU
		{3E65D85C-A2D9-4018-A7A4-F9779B9DBDE9}.Release|Any CPU.Build.0 = Release|Any CPU
		{A0A9E9C5-DFEE-4567-BA3E-6F7BBD7EFD1E}.Debug|Any CPU.ActiveCfg = Debug|Any CPU
		{A0A9E9C5-DFEE-4567-BA3E-6F7BBD7EFD1E}.Debug|Any CPU.Build.0 = Debug|Any CPU
		{A0A9E9C5-DFEE-4567-BA3E-6F7BBD7EFD1E}.Release|Any CPU.ActiveCfg = Release|Any CPU
		{A0A9E9C5-DFEE-4567-BA3E-6F7BBD7EFD1E}.Release|Any CPU.Build.0 = Release|Any CPU
		{A3860A1A-6CBF-4B3C-B63E-325E53B9E37C}.Debug|Any CPU.ActiveCfg = Debug|Any CPU
		{A3860A1A-6CBF-4B3C-B63E-325E53B9E37C}.Debug|Any CPU.Build.0 = Debug|Any CPU
		{A3860A1A-6CBF-4B3C-B63E-325E53B9E37C}.Release|Any CPU.ActiveCfg = Release|Any CPU
		{A3860A1A-6CBF-4B3C-B63E-325E53B9E37C}.Release|Any CPU.Build.0 = Release|Any CPU
	EndGlobalSection
	GlobalSection(SolutionProperties) = preSolution
		HideSolutionNode = FALSE
	EndGlobalSection
	GlobalSection(ExtensibilityGlobals) = postSolution
		SolutionGuid = {4E77CD3D-A60E-4559-ADFC-4916F99209FE}
	EndGlobalSection
EndGlobal
